
Microsoft Visual Studio Solution File, Format Version 12.00
# Visual Studio Version 17
VisualStudioVersion = 17.4.33205.214
MinimumVisualStudioVersion = 10.0.40219.1
Project("{8BC9CEB8-8B4A-11D0-8D11-00A0C91BC942}") = "pfc", "..\foobar-2000-SDKs\pfc\pfc.vcxproj", "{EBFFFB4E-261D-44D3-B89C-957B31A0BF9C}"
EndProject
Project("{8BC9CEB8-8B4A-11D0-8D11-00A0C91BC942}") = "foobar2000_component_client", "..\foobar-2000-SDKs\foobar2000\foobar2000_component_client\foobar2000_component_client.vcxproj", "{71AD2674-065B-48F5-B8B0-E1F9D3892081}"
EndProject
Project("{8BC9CEB8-8B4A-11D0-8D11-00A0C91BC942}") = "foobar2000_SDK", "..\foobar-2000-SDKs\foobar2000\SDK\foobar2000_SDK.vcxproj", "{E8091321-D79D-4575-86EF-064EA1A4A20D}"
	ProjectSection(ProjectDependencies) = postProject
		{EBFFFB4E-261D-44D3-B89C-957B31A0BF9C} = {EBFFFB4E-261D-44D3-B89C-957B31A0BF9C}
	EndProjectSection
EndProject
Project("{8BC9CEB8-8B4A-11D0-8D11-00A0C91BC942}") = "foo_lyricsource", "foo_lyricsource.vcxproj", "{2BC6E142-2B2A-4E61-A5FE-8694FDC604EE}"
	ProjectSection(ProjectDependencies) = postProject
		{71AD2674-065B-48F5-B8B0-E1F9D3892081} = {71AD2674-065B-48F5-B8B0-E1F9D3892081}
		{E8091321-D79D-4575-86EF-064EA1A4A20D} = {E8091321-D79D-4575-86EF-064EA1A4A20D}
		{EBFFFB4E-261D-44D3-B89C-957B31A0BF9C} = {EBFFFB4E-261D-44D3-B89C-957B31A0BF9C}
	EndProjectSection
EndProject
Project("{8BC9CEB8-8B4A-11D0-8D11-00A0C91BC942}") = "lyric_source_sdk", "..\lyric_source_sdk\lyric_source_sdk\lyric_source_sdk.vcxproj", "{A2216E5B-DD5E-4B71-A398-3ED1D491193D}"
	ProjectSection(ProjectDependencies) = postProject
		{71AD2674-065B-48F5-B8B0-E1F9D3892081} = {71AD2674-065B-48F5-B8B0-E1F9D3892081}
	EndProjectSection
EndProject
Global
	GlobalSection(SolutionConfigurationPlatforms) = preSolution
		Debug|ARM64 = Debug|ARM64
		Debug|ARM64EC = Debug|ARM64EC
		Debug|Win32 = Debug|Win32
		Debug|x64 = Debug|x64
		Release|ARM64 = Release|ARM64
		Release|ARM64EC = Release|ARM64EC
		Release|Win32 = Release|Win32
		Release|x64 = Release|x64
	EndGlobalSection
	GlobalSection(ProjectConfigurationPlatforms) = postSolution
		{EBFFFB4E-261D-44D3-B89C-957B31A0BF9C}.Debug|ARM64.ActiveCfg = Debug|ARM64
		{EBFFFB4E-261D-44D3-B89C-957B31A0BF9C}.Debug|ARM64.Build.0 = Debug|ARM64
		{EBFFFB4E-261D-44D3-B89C-957B31A0BF9C}.Debug|ARM64EC.ActiveCfg = Debug|ARM64EC
		{EBFFFB4E-261D-44D3-B89C-957B31A0BF9C}.Debug|ARM64EC.Build.0 = Debug|ARM64EC
		{EBFFFB4E-261D-44D3-B89C-957B31A0BF9C}.Debug|Win32.ActiveCfg = Debug FB2K|Win32
		{EBFFFB4E-261D-44D3-B89C-957B31A0BF9C}.Debug|Win32.Build.0 = Debug FB2K|Win32
		{EBFFFB4E-261D-44D3-B89C-957B31A0BF9C}.Debug|x64.ActiveCfg = Debug FB2K|x64
		{EBFFFB4E-261D-44D3-B89C-957B31A0BF9C}.Debug|x64.Build.0 = Debug FB2K|x64
		{EBFFFB4E-261D-44D3-B89C-957B31A0BF9C}.Release|ARM64.ActiveCfg = Release|ARM64
		{EBFFFB4E-261D-44D3-B89C-957B31A0BF9C}.Release|ARM64.Build.0 = Release|ARM64
		{EBFFFB4E-261D-44D3-B89C-957B31A0BF9C}.Release|ARM64EC.ActiveCfg = Release|ARM64EC
		{EBFFFB4E-261D-44D3-B89C-957B31A0BF9C}.Release|ARM64EC.Build.0 = Release|ARM64EC
		{EBFFFB4E-261D-44D3-B89C-957B31A0BF9C}.Release|Win32.ActiveCfg = Release FB2K|Win32
		{EBFFFB4E-261D-44D3-B89C-957B31A0BF9C}.Release|Win32.Build.0 = Release FB2K|Win32
		{EBFFFB4E-261D-44D3-B89C-957B31A0BF9C}.Release|x64.ActiveCfg = Release FB2K|x64
		{EBFFFB4E-261D-44D3-B89C-957B31A0BF9C}.Release|x64.Build.0 = Release FB2K|x64
		{71AD2674-065B-48F5-B8B0-E1F9D3892081}.Debug|ARM64.ActiveCfg = Debug|ARM64
		{71AD2674-065B-48F5-B8B0-E1F9D3892081}.Debug|ARM64.Build.0 = Debug|ARM64
		{71AD2674-065B-48F5-B8B0-E1F9D3892081}.Debug|ARM64EC.ActiveCfg = Debug|ARM64EC
		{71AD2674-065B-48F5-B8B0-E1F9D3892081}.Debug|ARM64EC.Build.0 = Debug|ARM64EC
		{71AD2674-065B-48F5-B8B0-E1F9D3892081}.Debug|Win32.ActiveCfg = Debug|Win32
		{71AD2674-065B-48F5-B8B0-E1F9D3892081}.Debug|Win32.Build.0 = Debug|Win32
		{71AD2674-065B-48F5-B8B0-E1F9D3892081}.Debug|x64.ActiveCfg = Debug|x64
		{71AD2674-065B-48F5-B8B0-E1F9D3892081}.Debug|x64.Build.0 = Debug|x64
		{71AD2674-065B-48F5-B8B0-E1F9D3892081}.Release|ARM64.ActiveCfg = Release|ARM64
		{71AD2674-065B-48F5-B8B0-E1F9D3892081}.Release|ARM64.Build.0 = Release|ARM64
		{71AD2674-065B-48F5-B8B0-E1F9D3892081}.Release|ARM64EC.ActiveCfg = Release|ARM64EC
		{71AD2674-065B-48F5-B8B0-E1F9D3892081}.Release|ARM64EC.Build.0 = Release|ARM64EC
		{71AD2674-065B-48F5-B8B0-E1F9D3892081}.Release|Win32.ActiveCfg = Release|Win32
		{71AD2674-065B-48F5-B8B0-E1F9D3892081}.Release|Win32.Build.0 = Release|Win32
		{71AD2674-065B-48F5-B8B0-E1F9D3892081}.Release|x64.ActiveCfg = Release|x64
		{71AD2674-065B-48F5-B8B0-E1F9D3892081}.Release|x64.Build.0 = Release|x64
		{E8091321-D79D-4575-86EF-064EA1A4A20D}.Debug|ARM64.ActiveCfg = Debug|ARM64
		{E8091321-D79D-4575-86EF-064EA1A4A20D}.Debug|ARM64.Build.0 = Debug|ARM64
		{E8091321-D79D-4575-86EF-064EA1A4A20D}.Debug|ARM64EC.ActiveCfg = Debug|ARM64EC
		{E8091321-D79D-4575-86EF-064EA1A4A20D}.Debug|ARM64EC.Build.0 = Debug|ARM64EC
		{E8091321-D79D-4575-86EF-064EA1A4A20D}.Debug|Win32.ActiveCfg = Debug|Win32
		{E8091321-D79D-4575-86EF-064EA1A4A20D}.Debug|Win32.Build.0 = Debug|Win32
		{E8091321-D79D-4575-86EF-064EA1A4A20D}.Debug|x64.ActiveCfg = Debug|x64
		{E8091321-D79D-4575-86EF-064EA1A4A20D}.Debug|x64.Build.0 = Debug|x64
		{E8091321-D79D-4575-86EF-064EA1A4A20D}.Release|ARM64.ActiveCfg = Release|ARM64
		{E8091321-D79D-4575-86EF-064EA1A4A20D}.Release|ARM64.Build.0 = Release|ARM64
		{E8091321-D79D-4575-86EF-064EA1A4A20D}.Release|ARM64EC.ActiveCfg = Release|ARM64EC
		{E8091321-D79D-4575-86EF-064EA1A4A20D}.Release|ARM64EC.Build.0 = Release|ARM64EC
		{E8091321-D79D-4575-86EF-064EA1A4A20D}.Release|Win32.ActiveCfg = Release|Win32
		{E8091321-D79D-4575-86EF-064EA1A4A20D}.Release|Win32.Build.0 = Release|Win32
		{E8091321-D79D-4575-86EF-064EA1A4A20D}.Release|x64.ActiveCfg = Release|x64
		{E8091321-D79D-4575-86EF-064EA1A4A20D}.Release|x64.Build.0 = Release|x64
		{2BC6E142-2B2A-4E61-A5FE-8694FDC604EE}.Debug|ARM64.ActiveCfg = Debug|x64
		{2BC6E142-2B2A-4E61-A5FE-8694FDC604EE}.Debug|ARM64.Build.0 = Debug|x64
		{2BC6E142-2B2A-4E61-A5FE-8694FDC604EE}.Debug|ARM64EC.ActiveCfg = Debug|x64
		{2BC6E142-2B2A-4E61-A5FE-8694FDC604EE}.Debug|ARM64EC.Build.0 = Debug|x64
		{2BC6E142-2B2A-4E61-A5FE-8694FDC604EE}.Debug|Win32.ActiveCfg = Debug|Win32
		{2BC6E142-2B2A-4E61-A5FE-8694FDC604EE}.Debug|Win32.Build.0 = Debug|Win32
		{2BC6E142-2B2A-4E61-A5FE-8694FDC604EE}.Debug|x64.ActiveCfg = Debug|x64
		{2BC6E142-2B2A-4E61-A5FE-8694FDC604EE}.Debug|x64.Build.0 = Debug|x64
		{2BC6E142-2B2A-4E61-A5FE-8694FDC604EE}.Release|ARM64.ActiveCfg = Release|x64
		{2BC6E142-2B2A-4E61-A5FE-8694FDC604EE}.Release|ARM64.Build.0 = Release|x64
		{2BC6E142-2B2A-4E61-A5FE-8694FDC604EE}.Release|ARM64EC.ActiveCfg = Release|x64
		{2BC6E142-2B2A-4E61-A5FE-8694FDC604EE}.Release|ARM64EC.Build.0 = Release|x64
		{2BC6E142-2B2A-4E61-A5FE-8694FDC604EE}.Release|Win32.ActiveCfg = Release|Win32
		{2BC6E142-2B2A-4E61-A5FE-8694FDC604EE}.Release|Win32.Build.0 = Release|Win32
		{2BC6E142-2B2A-4E61-A5FE-8694FDC604EE}.Release|x64.ActiveCfg = Release|x64
		{2BC6E142-2B2A-4E61-A5FE-8694FDC604EE}.Release|x64.Build.0 = Release|x64
		{A2216E5B-DD5E-4B71-A398-3ED1D491193D}.Debug|ARM64.ActiveCfg = Debug|x64
		{A2216E5B-DD5E-4B71-A398-3ED1D491193D}.Debug|ARM64.Build.0 = Debug|x64
		{A2216E5B-DD5E-4B71-A398-3ED1D491193D}.Debug|ARM64EC.ActiveCfg = Debug|x64
		{A2216E5B-DD5E-4B71-A398-3ED1D491193D}.Debug|ARM64EC.Build.0 = Debug|x64
		{A2216E5B-DD5E-4B71-A398-3ED1D491193D}.Debug|Win32.ActiveCfg = Debug|Win32
		{A2216E5B-DD5E-4B71-A398-3ED1D491193D}.Debug|Win32.Build.0 = Debug|Win32
		{A2216E5B-DD5E-4B71-A398-3ED1D491193D}.Debug|x64.ActiveCfg = Debug|x64
		{A2216E5B-DD5E-4B71-A398-3ED1D491193D}.Debug|x64.Build.0 = Debug|x64
		{A2216E5B-DD5E-4B71-A398-3ED1D491193D}.Release|ARM64.ActiveCfg = Release|x64
		{A2216E5B-DD5E-4B71-A398-3ED1D491193D}.Release|ARM64.Build.0 = Release|x64
		{A2216E5B-DD5E-4B71-A398-3ED1D491193D}.Release|ARM64EC.ActiveCfg = Release|x64
		{A2216E5B-DD5E-4B71-A398-3ED1D491193D}.Release|ARM64EC.Build.0 = Release|x64
		{A2216E5B-DD5E-4B71-A398-3ED1D491193D}.Release|Win32.ActiveCfg = Release|Win32
		{A2216E5B-DD5E-4B71-A398-3ED1D491193D}.Release|Win32.Build.0 = Release|Win32
		{A2216E5B-DD5E-4B71-A398-3ED1D491193D}.Release|x64.ActiveCfg = Release|x64
		{A2216E5B-DD5E-4B71-A398-3ED1D491193D}.Release|x64.Build.0 = Release|x64
	EndGlobalSection
	GlobalSection(SolutionProperties) = preSolution
		HideSolutionNode = FALSE
	EndGlobalSection
	GlobalSection(ExtensibilityGlobals) = postSolution
		SolutionGuid = {D71F2C1E-3DF0-40E8-80F2-D0218DEF0547}
	EndGlobalSection
EndGlobal
